// !$*UTF8*$!
{
	archiveVersion = 1;
	classes = {
	};
	objectVersion = 50;
	objects = {

/* Begin PBXBuildFile section */
		8419F293261AEB1700F8759C /* AppDelegate.swift in Sources */ = {isa = PBXBuildFile; fileRef = 8419F292261AEB1700F8759C /* AppDelegate.swift */; };
		8419F295261AEB1700F8759C /* SceneDelegate.swift in Sources */ = {isa = PBXBuildFile; fileRef = 8419F294261AEB1700F8759C /* SceneDelegate.swift */; };
		8419F297261AEB1700F8759C /* ViewController.swift in Sources */ = {isa = PBXBuildFile; fileRef = 8419F296261AEB1700F8759C /* ViewController.swift */; };
		8419F29A261AEB1700F8759C /* Main.storyboard in Resources */ = {isa = PBXBuildFile; fileRef = 8419F298261AEB1700F8759C /* Main.storyboard */; };
		8419F29C261AEB2000F8759C /* Assets.xcassets in Resources */ = {isa = PBXBuildFile; fileRef = 8419F29B261AEB2000F8759C /* Assets.xcassets */; };
		8419F29F261AEB2000F8759C /* LaunchScreen.storyboard in Resources */ = {isa = PBXBuildFile; fileRef = 8419F29D261AEB2000F8759C /* LaunchScreen.storyboard */; };
		8419F2AA261AEB2100F8759C /* pokedexTests.swift in Sources */ = {isa = PBXBuildFile; fileRef = 8419F2A9261AEB2100F8759C /* pokedexTests.swift */; };
		8419F2B5261AEB2100F8759C /* pokedexUITests.swift in Sources */ = {isa = PBXBuildFile; fileRef = 8419F2B4261AEB2100F8759C /* pokedexUITests.swift */; };
/* End PBXBuildFile section */

/* Begin PBXContainerItemProxy section */
		8419F2A6261AEB2100F8759C /* PBXContainerItemProxy */ = {
			isa = PBXContainerItemProxy;
			containerPortal = 8419F287261AEB1700F8759C /* Project object */;
			proxyType = 1;
			remoteGlobalIDString = 8419F28E261AEB1700F8759C;
			remoteInfo = pokedex;
		};
		8419F2B1261AEB2100F8759C /* PBXContainerItemProxy */ = {
			isa = PBXContainerItemProxy;
			containerPortal = 8419F287261AEB1700F8759C /* Project object */;
			proxyType = 1;
			remoteGlobalIDString = 8419F28E261AEB1700F8759C;
			remoteInfo = pokedex;
		};
/* End PBXContainerItemProxy section */

/* Begin PBXFileReference section */
		8419F28F261AEB1700F8759C /* pokedex.app */ = {isa = PBXFileReference; explicitFileType = wrapper.application; includeInIndex = 0; path = pokedex.app; sourceTree = BUILT_PRODUCTS_DIR; };
		8419F292261AEB1700F8759C /* AppDelegate.swift */ = {isa = PBXFileReference; lastKnownFileType = sourcecode.swift; path = AppDelegate.swift; sourceTree = "<group>"; };
		8419F294261AEB1700F8759C /* SceneDelegate.swift */ = {isa = PBXFileReference; lastKnownFileType = sourcecode.swift; path = SceneDelegate.swift; sourceTree = "<group>"; };
		8419F296261AEB1700F8759C /* ViewController.swift */ = {isa = PBXFileReference; lastKnownFileType = sourcecode.swift; path = ViewController.swift; sourceTree = "<group>"; };
		8419F299261AEB1700F8759C /* Base */ = {isa = PBXFileReference; lastKnownFileType = file.storyboard; name = Base; path = Base.lproj/Main.storyboard; sourceTree = "<group>"; };
		8419F29B261AEB2000F8759C /* Assets.xcassets */ = {isa = PBXFileReference; lastKnownFileType = folder.assetcatalog; path = Assets.xcassets; sourceTree = "<group>"; };
		8419F29E261AEB2000F8759C /* Base */ = {isa = PBXFileReference; lastKnownFileType = file.storyboard; name = Base; path = Base.lproj/LaunchScreen.storyboard; sourceTree = "<group>"; };
		8419F2A0261AEB2000F8759C /* Info.plist */ = {isa = PBXFileReference; lastKnownFileType = text.plist.xml; path = Info.plist; sourceTree = "<group>"; };
		8419F2A5261AEB2100F8759C /* pokedexTests.xctest */ = {isa = PBXFileReference; explicitFileType = wrapper.cfbundle; includeInIndex = 0; path = pokedexTests.xctest; sourceTree = BUILT_PRODUCTS_DIR; };
		8419F2A9261AEB2100F8759C /* pokedexTests.swift */ = {isa = PBXFileReference; lastKnownFileType = sourcecode.swift; path = pokedexTests.swift; sourceTree = "<group>"; };
		8419F2AB261AEB2100F8759C /* Info.plist */ = {isa = PBXFileReference; lastKnownFileType = text.plist.xml; path = Info.plist; sourceTree = "<group>"; };
		8419F2B0261AEB2100F8759C /* pokedexUITests.xctest */ = {isa = PBXFileReference; explicitFileType = wrapper.cfbundle; includeInIndex = 0; path = pokedexUITests.xctest; sourceTree = BUILT_PRODUCTS_DIR; };
		8419F2B4261AEB2100F8759C /* pokedexUITests.swift */ = {isa = PBXFileReference; lastKnownFileType = sourcecode.swift; path = pokedexUITests.swift; sourceTree = "<group>"; };
		8419F2B6261AEB2100F8759C /* Info.plist */ = {isa = PBXFileReference; lastKnownFileType = text.plist.xml; path = Info.plist; sourceTree = "<group>"; };
/* End PBXFileReference section */

/* Begin PBXFrameworksBuildPhase section */
		8419F28C261AEB1700F8759C /* Frameworks */ = {
			isa = PBXFrameworksBuildPhase;
			buildActionMask = 2147483647;
			files = (
			);
			runOnlyForDeploymentPostprocessing = 0;
		};
		8419F2A2261AEB2100F8759C /* Frameworks */ = {
			isa = PBXFrameworksBuildPhase;
			buildActionMask = 2147483647;
			files = (
			);
			runOnlyForDeploymentPostprocessing = 0;
		};
		8419F2AD261AEB2100F8759C /* Frameworks */ = {
			isa = PBXFrameworksBuildPhase;
			buildActionMask = 2147483647;
			files = (
			);
			runOnlyForDeploymentPostprocessing = 0;
		};
/* End PBXFrameworksBuildPhase section */

/* Begin PBXGroup section */
		8419F286261AEB1700F8759C = {
			isa = PBXGroup;
			children = (
				8419F291261AEB1700F8759C /* pokedex */,
				8419F2A8261AEB2100F8759C /* pokedexTests */,
				8419F2B3261AEB2100F8759C /* pokedexUITests */,
				8419F290261AEB1700F8759C /* Products */,
			);
			sourceTree = "<group>";
		};
		8419F290261AEB1700F8759C /* Products */ = {
			isa = PBXGroup;
			children = (
				8419F28F261AEB1700F8759C /* pokedex.app */,
				8419F2A5261AEB2100F8759C /* pokedexTests.xctest */,
				8419F2B0261AEB2100F8759C /* pokedexUITests.xctest */,
			);
			name = Products;
			sourceTree = "<group>";
		};
		8419F291261AEB1700F8759C /* pokedex */ = {
			isa = PBXGroup;
			children = (
				8419F292261AEB1700F8759C /* AppDelegate.swift */,
				8419F294261AEB1700F8759C /* SceneDelegate.swift */,
				8419F296261AEB1700F8759C /* ViewController.swift */,
				8419F298261AEB1700F8759C /* Main.storyboard */,
				8419F29B261AEB2000F8759C /* Assets.xcassets */,
				8419F29D261AEB2000F8759C /* LaunchScreen.storyboard */,
				8419F2A0261AEB2000F8759C /* Info.plist */,
			);
			path = pokedex;
			sourceTree = "<group>";
		};
		8419F2A8261AEB2100F8759C /* pokedexTests */ = {
			isa = PBXGroup;
			children = (
				8419F2A9261AEB2100F8759C /* pokedexTests.swift */,
				8419F2AB261AEB2100F8759C /* Info.plist */,
			);
			path = pokedexTests;
			sourceTree = "<group>";
		};
		8419F2B3261AEB2100F8759C /* pokedexUITests */ = {
			isa = PBXGroup;
			children = (
				8419F2B4261AEB2100F8759C /* pokedexUITests.swift */,
				8419F2B6261AEB2100F8759C /* Info.plist */,
			);
			path = pokedexUITests;
			sourceTree = "<group>";
		};
/* End PBXGroup section */

/* Begin PBXNativeTarget section */
		8419F28E261AEB1700F8759C /* pokedex */ = {
			isa = PBXNativeTarget;
			buildConfigurationList = 8419F2B9261AEB2100F8759C /* Build configuration list for PBXNativeTarget "pokedex" */;
			buildPhases = (
				8419F28B261AEB1700F8759C /* Sources */,
				8419F28C261AEB1700F8759C /* Frameworks */,
				8419F28D261AEB1700F8759C /* Resources */,
			);
			buildRules = (
			);
			dependencies = (
			);
			name = pokedex;
			productName = pokedex;
			productReference = 8419F28F261AEB1700F8759C /* pokedex.app */;
			productType = "com.apple.product-type.application";
		};
		8419F2A4261AEB2100F8759C /* pokedexTests */ = {
			isa = PBXNativeTarget;
			buildConfigurationList = 8419F2BC261AEB2100F8759C /* Build configuration list for PBXNativeTarget "pokedexTests" */;
			buildPhases = (
				8419F2A1261AEB2100F8759C /* Sources */,
				8419F2A2261AEB2100F8759C /* Frameworks */,
				8419F2A3261AEB2100F8759C /* Resources */,
			);
			buildRules = (
			);
			dependencies = (
				8419F2A7261AEB2100F8759C /* PBXTargetDependency */,
			);
			name = pokedexTests;
			productName = pokedexTests;
			productReference = 8419F2A5261AEB2100F8759C /* pokedexTests.xctest */;
			productType = "com.apple.product-type.bundle.unit-test";
		};
		8419F2AF261AEB2100F8759C /* pokedexUITests */ = {
			isa = PBXNativeTarget;
			buildConfigurationList = 8419F2BF261AEB2100F8759C /* Build configuration list for PBXNativeTarget "pokedexUITests" */;
			buildPhases = (
				8419F2AC261AEB2100F8759C /* Sources */,
				8419F2AD261AEB2100F8759C /* Frameworks */,
				8419F2AE261AEB2100F8759C /* Resources */,
			);
			buildRules = (
			);
			dependencies = (
				8419F2B2261AEB2100F8759C /* PBXTargetDependency */,
			);
			name = pokedexUITests;
			productName = pokedexUITests;
			productReference = 8419F2B0261AEB2100F8759C /* pokedexUITests.xctest */;
			productType = "com.apple.product-type.bundle.ui-testing";
		};
/* End PBXNativeTarget section */

/* Begin PBXProject section */
		8419F287261AEB1700F8759C /* Project object */ = {
			isa = PBXProject;
			attributes = {
				LastSwiftUpdateCheck = 1240;
				LastUpgradeCheck = 1240;
				TargetAttributes = {
					8419F28E261AEB1700F8759C = {
						CreatedOnToolsVersion = 12.4;
					};
					8419F2A4261AEB2100F8759C = {
						CreatedOnToolsVersion = 12.4;
						TestTargetID = 8419F28E261AEB1700F8759C;
					};
					8419F2AF261AEB2100F8759C = {
						CreatedOnToolsVersion = 12.4;
						TestTargetID = 8419F28E261AEB1700F8759C;
					};
				};
			};
			buildConfigurationList = 8419F28A261AEB1700F8759C /* Build configuration list for PBXProject "pokedex" */;
			compatibilityVersion = "Xcode 9.3";
			developmentRegion = en;
			hasScannedForEncodings = 0;
			knownRegions = (
				en,
				Base,
			);
			mainGroup = 8419F286261AEB1700F8759C;
			productRefGroup = 8419F290261AEB1700F8759C /* Products */;
			projectDirPath = "";
			projectRoot = "";
			targets = (
				8419F28E261AEB1700F8759C /* pokedex */,
				8419F2A4261AEB2100F8759C /* pokedexTests */,
				8419F2AF261AEB2100F8759C /* pokedexUITests */,
			);
		};
/* End PBXProject section */

/* Begin PBXResourcesBuildPhase section */
		8419F28D261AEB1700F8759C /* Resources */ = {
			isa = PBXResourcesBuildPhase;
			buildActionMask = 2147483647;
			files = (
				8419F29F261AEB2000F8759C /* LaunchScreen.storyboard in Resources */,
				8419F29C261AEB2000F8759C /* Assets.xcassets in Resources */,
				8419F29A261AEB1700F8759C /* Main.storyboard in Resources */,
			);
			runOnlyForDeploymentPostprocessing = 0;
		};
		8419F2A3261AEB2100F8759C /* Resources */ = {
			isa = PBXResourcesBuildPhase;
			buildActionMask = 2147483647;
			files = (
			);
			runOnlyForDeploymentPostprocessing = 0;
		};
		8419F2AE261AEB2100F8759C /* Resources */ = {
			isa = PBXResourcesBuildPhase;
			buildActionMask = 2147483647;
			files = (
			);
			runOnlyForDeploymentPostprocessing = 0;
		};
/* End PBXResourcesBuildPhase section */

/* Begin PBXSourcesBuildPhase section */
		8419F28B261AEB1700F8759C /* Sources */ = {
			isa = PBXSourcesBuildPhase;
			buildActionMask = 2147483647;
			files = (
				8419F297261AEB1700F8759C /* ViewController.swift in Sources */,
				8419F293261AEB1700F8759C /* AppDelegate.swift in Sources */,
				8419F295261AEB1700F8759C /* SceneDelegate.swift in Sources */,
			);
			runOnlyForDeploymentPostprocessing = 0;
		};
		8419F2A1261AEB2100F8759C /* Sources */ = {
			isa = PBXSourcesBuildPhase;
			buildActionMask = 2147483647;
			files = (
				8419F2AA261AEB2100F8759C /* pokedexTests.swift in Sources */,
			);
			runOnlyForDeploymentPostprocessing = 0;
		};
		8419F2AC261AEB2100F8759C /* Sources */ = {
			isa = PBXSourcesBuildPhase;
			buildActionMask = 2147483647;
			files = (
				8419F2B5261AEB2100F8759C /* pokedexUITests.swift in Sources */,
			);
			runOnlyForDeploymentPostprocessing = 0;
		};
/* End PBXSourcesBuildPhase section */

/* Begin PBXTargetDependency section */
		8419F2A7261AEB2100F8759C /* PBXTargetDependency */ = {
			isa = PBXTargetDependency;
			target = 8419F28E261AEB1700F8759C /* pokedex */;
			targetProxy = 8419F2A6261AEB2100F8759C /* PBXContainerItemProxy */;
		};
		8419F2B2261AEB2100F8759C /* PBXTargetDependency */ = {
			isa = PBXTargetDependency;
			target = 8419F28E261AEB1700F8759C /* pokedex */;
			targetProxy = 8419F2B1261AEB2100F8759C /* PBXContainerItemProxy */;
		};
/* End PBXTargetDependency section */

/* Begin PBXVariantGroup section */
		8419F298261AEB1700F8759C /* Main.storyboard */ = {
			isa = PBXVariantGroup;
			children = (
				8419F299261AEB1700F8759C /* Base */,
			);
			name = Main.storyboard;
			sourceTree = "<group>";
		};
		8419F29D261AEB2000F8759C /* LaunchScreen.storyboard */ = {
			isa = PBXVariantGroup;
			children = (
				8419F29E261AEB2000F8759C /* Base */,
			);
			name = LaunchScreen.storyboard;
			sourceTree = "<group>";
		};
/* End PBXVariantGroup section */

/* Begin XCBuildConfiguration section */
		8419F2B7261AEB2100F8759C /* Debug */ = {
			isa = XCBuildConfiguration;
			buildSettings = {
				ALWAYS_SEARCH_USER_PATHS = NO;
				CLANG_ANALYZER_NONNULL = YES;
				CLANG_ANALYZER_NUMBER_OBJECT_CONVERSION = YES_AGGRESSIVE;
				CLANG_CXX_LANGUAGE_STANDARD = "gnu++14";
				CLANG_CXX_LIBRARY = "libc++";
				CLANG_ENABLE_MODULES = YES;
				CLANG_ENABLE_OBJC_ARC = YES;
				CLANG_ENABLE_OBJC_WEAK = YES;
				CLANG_WARN_BLOCK_CAPTURE_AUTORELEASING = YES;
				CLANG_WARN_BOOL_CONVERSION = YES;
				CLANG_WARN_COMMA = YES;
				CLANG_WARN_CONSTANT_CONVERSION = YES;
				CLANG_WARN_DEPRECATED_OBJC_IMPLEMENTATIONS = YES;
				CLANG_WARN_DIRECT_OBJC_ISA_USAGE = YES_ERROR;
				CLANG_WARN_DOCUMENTATION_COMMENTS = YES;
				CLANG_WARN_EMPTY_BODY = YES;
				CLANG_WARN_ENUM_CONVERSION = YES;
				CLANG_WARN_INFINITE_RECURSION = YES;
				CLANG_WARN_INT_CONVERSION = YES;
				CLANG_WARN_NON_LITERAL_NULL_CONVERSION = YES;
				CLANG_WARN_OBJC_IMPLICIT_RETAIN_SELF = YES;
				CLANG_WARN_OBJC_LITERAL_CONVERSION = YES;
				CLANG_WARN_OBJC_ROOT_CLASS = YES_ERROR;
				CLANG_WARN_QUOTED_INCLUDE_IN_FRAMEWORK_HEADER = YES;
				CLANG_WARN_RANGE_LOOP_ANALYSIS = YES;
				CLANG_WARN_STRICT_PROTOTYPES = YES;
				CLANG_WARN_SUSPICIOUS_MOVE = YES;
				CLANG_WARN_UNGUARDED_AVAILABILITY = YES_AGGRESSIVE;
				CLANG_WARN_UNREACHABLE_CODE = YES;
				CLANG_WARN__DUPLICATE_METHOD_MATCH = YES;
				COPY_PHASE_STRIP = NO;
				DEBUG_INFORMATION_FORMAT = dwarf;
				ENABLE_STRICT_OBJC_MSGSEND = YES;
				ENABLE_TESTABILITY = YES;
				GCC_C_LANGUAGE_STANDARD = gnu11;
				GCC_DYNAMIC_NO_PIC = NO;
				GCC_NO_COMMON_BLOCKS = YES;
				GCC_OPTIMIZATION_LEVEL = 0;
				GCC_PREPROCESSOR_DEFINITIONS = (
					"DEBUG=1",
					"$(inherited)",
				);
				GCC_WARN_64_TO_32_BIT_CONVERSION = YES;
				GCC_WARN_ABOUT_RETURN_TYPE = YES_ERROR;
				GCC_WARN_UNDECLARED_SELECTOR = YES;
				GCC_WARN_UNINITIALIZED_AUTOS = YES_AGGRESSIVE;
				GCC_WARN_UNUSED_FUNCTION = YES;
				GCC_WARN_UNUSED_VARIABLE = YES;
				IPHONEOS_DEPLOYMENT_TARGET = 14.4;
				MTL_ENABLE_DEBUG_INFO = INCLUDE_SOURCE;
				MTL_FAST_MATH = YES;
				ONLY_ACTIVE_ARCH = YES;
				SDKROOT = iphoneos;
				SWIFT_ACTIVE_COMPILATION_CONDITIONS = DEBUG;
				SWIFT_OPTIMIZATION_LEVEL = "-Onone";
			};
			name = Debug;
		};
		8419F2B8261AEB2100F8759C /* Release */ = {
			isa = XCBuildConfiguration;
			buildSettings = {
				ALWAYS_SEARCH_USER_PATHS = NO;
				CLANG_ANALYZER_NONNULL = YES;
				CLANG_ANALYZER_NUMBER_OBJECT_CONVERSION = YES_AGGRESSIVE;
				CLANG_CXX_LANGUAGE_STANDARD = "gnu++14";
				CLANG_CXX_LIBRARY = "libc++";
				CLANG_ENABLE_MODULES = YES;
				CLANG_ENABLE_OBJC_ARC = YES;
				CLANG_ENABLE_OBJC_WEAK = YES;
				CLANG_WARN_BLOCK_CAPTURE_AUTORELEASING = YES;
				CLANG_WARN_BOOL_CONVERSION = YES;
				CLANG_WARN_COMMA = YES;
				CLANG_WARN_CONSTANT_CONVERSION = YES;
				CLANG_WARN_DEPRECATED_OBJC_IMPLEMENTATIONS = YES;
				CLANG_WARN_DIRECT_OBJC_ISA_USAGE = YES_ERROR;
				CLANG_WARN_DOCUMENTATION_COMMENTS = YES;
				CLANG_WARN_EMPTY_BODY = YES;
				CLANG_WARN_ENUM_CONVERSION = YES;
				CLANG_WARN_INFINITE_RECURSION = YES;
				CLANG_WARN_INT_CONVERSION = YES;
				CLANG_WARN_NON_LITERAL_NULL_CONVERSION = YES;
				CLANG_WARN_OBJC_IMPLICIT_RETAIN_SELF = YES;
				CLANG_WARN_OBJC_LITERAL_CONVERSION = YES;
				CLANG_WARN_OBJC_ROOT_CLASS = YES_ERROR;
				CLANG_WARN_QUOTED_INCLUDE_IN_FRAMEWORK_HEADER = YES;
				CLANG_WARN_RANGE_LOOP_ANALYSIS = YES;
				CLANG_WARN_STRICT_PROTOTYPES = YES;
				CLANG_WARN_SUSPICIOUS_MOVE = YES;
				CLANG_WARN_UNGUARDED_AVAILABILITY = YES_AGGRESSIVE;
				CLANG_WARN_UNREACHABLE_CODE = YES;
				CLANG_WARN__DUPLICATE_METHOD_MATCH = YES;
				COPY_PHASE_STRIP = NO;
				DEBUG_INFORMATION_FORMAT = "dwarf-with-dsym";
				ENABLE_NS_ASSERTIONS = NO;
				ENABLE_STRICT_OBJC_MSGSEND = YES;
				GCC_C_LANGUAGE_STANDARD = gnu11;
				GCC_NO_COMMON_BLOCKS = YES;
				GCC_WARN_64_TO_32_BIT_CONVERSION = YES;
				GCC_WARN_ABOUT_RETURN_TYPE = YES_ERROR;
				GCC_WARN_UNDECLARED_SELECTOR = YES;
				GCC_WARN_UNINITIALIZED_AUTOS = YES_AGGRESSIVE;
				GCC_WARN_UNUSED_FUNCTION = YES;
				GCC_WARN_UNUSED_VARIABLE = YES;
				IPHONEOS_DEPLOYMENT_TARGET = 14.4;
				MTL_ENABLE_DEBUG_INFO = NO;
				MTL_FAST_MATH = YES;
				SDKROOT = iphoneos;
				SWIFT_COMPILATION_MODE = wholemodule;
				SWIFT_OPTIMIZATION_LEVEL = "-O";
				VALIDATE_PRODUCT = YES;
			};
			name = Release;
		};
		8419F2BA261AEB2100F8759C /* Debug */ = {
			isa = XCBuildConfiguration;
			buildSettings = {
				ASSETCATALOG_COMPILER_APPICON_NAME = AppIcon;
				ASSETCATALOG_COMPILER_GLOBAL_ACCENT_COLOR_NAME = AccentColor;
				CODE_SIGN_STYLE = Automatic;
				INFOPLIST_FILE = pokedex/Info.plist;
				LD_RUNPATH_SEARCH_PATHS = (
					"$(inherited)",
					"@executable_path/Frameworks",
				);
				PRODUCT_BUNDLE_IDENTIFIER = com.jdasin.pokedex;
				PRODUCT_NAME = "$(TARGET_NAME)";
				SWIFT_VERSION = 5.0;
				TARGETED_DEVICE_FAMILY = "1,2";
			};
			name = Debug;
		};
		8419F2BB261AEB2100F8759C /* Release */ = {
			isa = XCBuildConfiguration;
			buildSettings = {
				ASSETCATALOG_COMPILER_APPICON_NAME = AppIcon;
				ASSETCATALOG_COMPILER_GLOBAL_ACCENT_COLOR_NAME = AccentColor;
				CODE_SIGN_STYLE = Automatic;
				INFOPLIST_FILE = pokedex/Info.plist;
				LD_RUNPATH_SEARCH_PATHS = (
					"$(inherited)",
					"@executable_path/Frameworks",
				);
				PRODUCT_BUNDLE_IDENTIFIER = com.jdasin.pokedex;
				PRODUCT_NAME = "$(TARGET_NAME)";
				SWIFT_VERSION = 5.0;
				TARGETED_DEVICE_FAMILY = "1,2";
			};
			name = Release;
		};
		8419F2BD261AEB2100F8759C /* Debug */ = {
			isa = XCBuildConfiguration;
			buildSettings = {
				ALWAYS_EMBED_SWIFT_STANDARD_LIBRARIES = YES;
				BUNDLE_LOADER = "$(TEST_HOST)";
				CODE_SIGN_STYLE = Automatic;
				INFOPLIST_FILE = pokedexTests/Info.plist;
				IPHONEOS_DEPLOYMENT_TARGET = 14.4;
				LD_RUNPATH_SEARCH_PATHS = (
					"$(inherited)",
					"@executable_path/Frameworks",
					"@loader_path/Frameworks",
				);
				PRODUCT_BUNDLE_IDENTIFIER = com.jdasin.pokedexTests;
				PRODUCT_NAME = "$(TARGET_NAME)";
				SWIFT_VERSION = 5.0;
				TARGETED_DEVICE_FAMILY = "1,2";
				TEST_HOST = "$(BUILT_PRODUCTS_DIR)/pokedex.app/pokedex";
			};
			name = Debug;
		};
		8419F2BE261AEB2100F8759C /* Release */ = {
			isa = XCBuildConfiguration;
			buildSettings = {
				ALWAYS_EMBED_SWIFT_STANDARD_LIBRARIES = YES;
				BUNDLE_LOADER = "$(TEST_HOST)";
				CODE_SIGN_STYLE = Automatic;
				INFOPLIST_FILE = pokedexTests/Info.plist;
				IPHONEOS_DEPLOYMENT_TARGET = 14.4;
				LD_RUNPATH_SEARCH_PATHS = (
					"$(inherited)",
					"@executable_path/Frameworks",
					"@loader_path/Frameworks",
				);
				PRODUCT_BUNDLE_IDENTIFIER = com.jdasin.pokedexTests;
				PRODUCT_NAME = "$(TARGET_NAME)";
				SWIFT_VERSION = 5.0;
				TARGETED_DEVICE_FAMILY = "1,2";
				TEST_HOST = "$(BUILT_PRODUCTS_DIR)/pokedex.app/pokedex";
			};
			name = Release;
		};
		8419F2C0261AEB2100F8759C /* Debug */ = {
			isa = XCBuildConfiguration;
			buildSettings = {
				ALWAYS_EMBED_SWIFT_STANDARD_LIBRARIES = YES;
				CODE_SIGN_STYLE = Automatic;
				INFOPLIST_FILE = pokedexUITests/Info.plist;
				LD_RUNPATH_SEARCH_PATHS = (
					"$(inherited)",
					"@executable_path/Frameworks",
					"@loader_path/Frameworks",
				);
				PRODUCT_BUNDLE_IDENTIFIER = com.jdasin.pokedexUITests;
				PRODUCT_NAME = "$(TARGET_NAME)";
				SWIFT_VERSION = 5.0;
				TARGETED_DEVICE_FAMILY = "1,2";
				TEST_TARGET_NAME = pokedex;
			};
			name = Debug;
		};
		8419F2C1261AEB2100F8759C /* Release */ = {
			isa = XCBuildConfiguration;
			buildSettings = {
				ALWAYS_EMBED_SWIFT_STANDARD_LIBRARIES = YES;
				CODE_SIGN_STYLE = Automatic;
				INFOPLIST_FILE = pokedexUITests/Info.plist;
				LD_RUNPATH_SEARCH_PATHS = (
					"$(inherited)",
					"@executable_path/Frameworks",
					"@loader_path/Frameworks",
				);
				PRODUCT_BUNDLE_IDENTIFIER = com.jdasin.pokedexUITests;
				PRODUCT_NAME = "$(TARGET_NAME)";
				SWIFT_VERSION = 5.0;
				TARGETED_DEVICE_FAMILY = "1,2";
				TEST_TARGET_NAME = pokedex;
			};
			name = Release;
		};
/* End XCBuildConfiguration section */

/* Begin XCConfigurationList section */
		8419F28A261AEB1700F8759C /* Build configuration list for PBXProject "pokedex" */ = {
			isa = XCConfigurationList;
			buildConfigurations = (
				8419F2B7261AEB2100F8759C /* Debug */,
				8419F2B8261AEB2100F8759C /* Release */,
			);
			defaultConfigurationIsVisible = 0;
			defaultConfigurationName = Release;
		};
		8419F2B9261AEB2100F8759C /* Build configuration list for PBXNativeTarget "pokedex" */ = {
			isa = XCConfigurationList;
			buildConfigurations = (
				8419F2BA261AEB2100F8759C /* Debug */,
				8419F2BB261AEB2100F8759C /* Release */,
			);
			defaultConfigurationIsVisible = 0;
			defaultConfigurationName = Release;
		};
		8419F2BC261AEB2100F8759C /* Build configuration list for PBXNativeTarget "pokedexTests" */ = {
			isa = XCConfigurationList;
			buildConfigurations = (
				8419F2BD261AEB2100F8759C /* Debug */,
				8419F2BE261AEB2100F8759C /* Release */,
			);
			defaultConfigurationIsVisible = 0;
			defaultConfigurationName = Release;
		};
		8419F2BF261AEB2100F8759C /* Build configuration list for PBXNativeTarget "pokedexUITests" */ = {
			isa = XCConfigurationList;
			buildConfigurations = (
				8419F2C0261AEB2100F8759C /* Debug */,
				8419F2C1261AEB2100F8759C /* Release */,
			);
			defaultConfigurationIsVisible = 0;
			defaultConfigurationName = Release;
		};
/* End XCConfigurationList section */
	};
	rootObject = 8419F287261AEB1700F8759C /* Project object */;
}
